// !$*UTF8*$!
{
	archiveVersion = 1;
	classes = {
	};
	objectVersion = 56;
	objects = {

/* Begin PBXBuildFile section */
		BE1FF8092C6D617E000635C1 /* UnavailableModel.swift in Sources */ = {isa = PBXBuildFile; fileRef = BE1FF8082C6D617E000635C1 /* UnavailableModel.swift */; };
		BE1FF80B2C6D6422000635C1 /* Unavailable.swift in Sources */ = {isa = PBXBuildFile; fileRef = BE1FF80A2C6D6422000635C1 /* Unavailable.swift */; };
		BE1FF80E2C6DF2C4000635C1 /* HKOD.mlpackage in Sources */ = {isa = PBXBuildFile; fileRef = BE1FF80D2C6DF2C4000635C1 /* HKOD.mlpackage */; };
		BE1FF8102C6DF2D3000635C1 /* FCRN.mlmodel in Sources */ = {isa = PBXBuildFile; fileRef = BE1FF80F2C6DF2D3000635C1 /* FCRN.mlmodel */; };
		BE1FF8132C6DF347000635C1 /* MLMultiArray+Extension.swift in Sources */ = {isa = PBXBuildFile; fileRef = BE1FF8122C6DF347000635C1 /* MLMultiArray+Extension.swift */; };
		BE1FF8152C6DF364000635C1 /* UIImage+Extension.swift in Sources */ = {isa = PBXBuildFile; fileRef = BE1FF8142C6DF364000635C1 /* UIImage+Extension.swift */; };
		BE1FF8172C6DF3A7000635C1 /* MLManager.swift in Sources */ = {isa = PBXBuildFile; fileRef = BE1FF8162C6DF3A7000635C1 /* MLManager.swift */; };
		BE1FF8192C6DF45D000635C1 /* Graph.swift in Sources */ = {isa = PBXBuildFile; fileRef = BE1FF8182C6DF45D000635C1 /* Graph.swift */; };
		BE1FF81B2C6DF463000635C1 /* GraphNode.swift in Sources */ = {isa = PBXBuildFile; fileRef = BE1FF81A2C6DF463000635C1 /* GraphNode.swift */; };
		BE1FF81D2C6DF473000635C1 /* GraphNeighbor.swift in Sources */ = {isa = PBXBuildFile; fileRef = BE1FF81C2C6DF473000635C1 /* GraphNeighbor.swift */; };
		BE1FF8202C6DF4EC000635C1 /* GraphNodeType.swift in Sources */ = {isa = PBXBuildFile; fileRef = BE1FF81F2C6DF4EC000635C1 /* GraphNodeType.swift */; };
		BE1FF8222C6E0B98000635C1 /* MLManagerProtocol.swift in Sources */ = {isa = PBXBuildFile; fileRef = BE1FF8212C6E0B98000635C1 /* MLManagerProtocol.swift */; };
		BE43C0212C6AA40500F515ED /* Presentable.swift in Sources */ = {isa = PBXBuildFile; fileRef = BE43C0202C6AA40500F515ED /* Presentable.swift */; };
		BE43C0252C6AA40E00F515ED /* Alertable.swift in Sources */ = {isa = PBXBuildFile; fileRef = BE43C0242C6AA40E00F515ED /* Alertable.swift */; };
		BE43C0272C6AA41800F515ED /* Pushable.swift in Sources */ = {isa = PBXBuildFile; fileRef = BE43C0262C6AA41800F515ED /* Pushable.swift */; };
		BE43C0292C6AA42100F515ED /* Loadable.swift in Sources */ = {isa = PBXBuildFile; fileRef = BE43C0282C6AA42100F515ED /* Loadable.swift */; };
		BE43C02B2C6AA60E00F515ED /* Dismissable.swift in Sources */ = {isa = PBXBuildFile; fileRef = BE43C02A2C6AA60E00F515ED /* Dismissable.swift */; };
		BE43C02D2C6AA66E00F515ED /* AlertModel.swift in Sources */ = {isa = PBXBuildFile; fileRef = BE43C02C2C6AA66E00F515ED /* AlertModel.swift */; };
		BE43C02F2C6AA88E00F515ED /* PDFModel.swift in Sources */ = {isa = PBXBuildFile; fileRef = BE43C02E2C6AA88E00F515ED /* PDFModel.swift */; };
		BE5B3C8F2C67D76300764CCD /* AppDelegate.swift in Sources */ = {isa = PBXBuildFile; fileRef = BE5B3C8E2C67D76300764CCD /* AppDelegate.swift */; };
		BE5B3C932C67D76300764CCD /* HomeViewController.swift in Sources */ = {isa = PBXBuildFile; fileRef = BE5B3C922C67D76300764CCD /* HomeViewController.swift */; };
		BE5B3C982C67D76400764CCD /* Assets.xcassets in Resources */ = {isa = PBXBuildFile; fileRef = BE5B3C972C67D76400764CCD /* Assets.xcassets */; };
		BE5B3C9B2C67D76400764CCD /* Base in Resources */ = {isa = PBXBuildFile; fileRef = BE5B3C9A2C67D76400764CCD /* Base */; };
		BE5B3CA52C68DD2C00764CCD /* AppRouter.swift in Sources */ = {isa = PBXBuildFile; fileRef = BE5B3CA42C68DD2C00764CCD /* AppRouter.swift */; };
		BE5B3CA72C68DD5000764CCD /* AppContainer.swift in Sources */ = {isa = PBXBuildFile; fileRef = BE5B3CA62C68DD5000764CCD /* AppContainer.swift */; };
		BE5B3CB72C68E24F00764CCD /* HomeScene.swift in Sources */ = {isa = PBXBuildFile; fileRef = BE5B3CB62C68E24F00764CCD /* HomeScene.swift */; };
		BE5B3CB92C68E45500764CCD /* TriangleViewController.swift in Sources */ = {isa = PBXBuildFile; fileRef = BE5B3CB82C68E45500764CCD /* TriangleViewController.swift */; };
		BE5B3CBB2C68EF1000764CCD /* Home+UI.swift in Sources */ = {isa = PBXBuildFile; fileRef = BE5B3CBA2C68EF1000764CCD /* Home+UI.swift */; };
		BE5B3CBF2C68EF6A00764CCD /* Array+Extension.swift in Sources */ = {isa = PBXBuildFile; fileRef = BE5B3CBE2C68EF6A00764CCD /* Array+Extension.swift */; };
		BE5B3CC22C68EFBF00764CCD /* HomeModel.swift in Sources */ = {isa = PBXBuildFile; fileRef = BE5B3CC12C68EFBF00764CCD /* HomeModel.swift */; };
		BE5B3CC52C68EFD300764CCD /* SFSymbol.swift in Sources */ = {isa = PBXBuildFile; fileRef = BE5B3CC42C68EFD300764CCD /* SFSymbol.swift */; };
		BE5B3CC72C68F01400764CCD /* HomeSceneType.swift in Sources */ = {isa = PBXBuildFile; fileRef = BE5B3CC62C68F01400764CCD /* HomeSceneType.swift */; };
		BE5B3CC92C68F12B00764CCD /* Colors.xcassets in Resources */ = {isa = PBXBuildFile; fileRef = BE5B3CC82C68F12B00764CCD /* Colors.xcassets */; };
		BE5B3CCB2C68F15C00764CCD /* View+Extension.swift in Sources */ = {isa = PBXBuildFile; fileRef = BE5B3CCA2C68F15C00764CCD /* View+Extension.swift */; };
		BE5B3CCD2C68F18300764CCD /* Images.xcassets in Resources */ = {isa = PBXBuildFile; fileRef = BE5B3CCC2C68F18300764CCD /* Images.xcassets */; };
		BE5B3CD12C68F51D00764CCD /* HomeDetailScene.swift in Sources */ = {isa = PBXBuildFile; fileRef = BE5B3CD02C68F51D00764CCD /* HomeDetailScene.swift */; };
		BE5B3CD32C68F53100764CCD /* HomeDetail+UI.swift in Sources */ = {isa = PBXBuildFile; fileRef = BE5B3CD22C68F53100764CCD /* HomeDetail+UI.swift */; };
		BE5B3CD62C69017B00764CCD /* OnboardingScene.swift in Sources */ = {isa = PBXBuildFile; fileRef = BE5B3CD52C69017B00764CCD /* OnboardingScene.swift */; };
		BE5B3CD82C69018900764CCD /* Onboarding+UI.swift in Sources */ = {isa = PBXBuildFile; fileRef = BE5B3CD72C69018900764CCD /* Onboarding+UI.swift */; };
		BE5B3CDC2C6901D100764CCD /* UserDefaultsManager.swift in Sources */ = {isa = PBXBuildFile; fileRef = BE5B3CDB2C6901D100764CCD /* UserDefaultsManager.swift */; };
		BE5B3CDE2C6901E200764CCD /* UserDefaultsContracts.swift in Sources */ = {isa = PBXBuildFile; fileRef = BE5B3CDD2C6901E200764CCD /* UserDefaultsContracts.swift */; };
		BE5B3CE02C69035D00764CCD /* UserDefaultsKey.swift in Sources */ = {isa = PBXBuildFile; fileRef = BE5B3CDF2C69035D00764CCD /* UserDefaultsKey.swift */; };
		BE5B3CE22C6916F500764CCD /* OnboardingViewController.swift in Sources */ = {isa = PBXBuildFile; fileRef = BE5B3CE12C6916F500764CCD /* OnboardingViewController.swift */; };
		BE5B3CE42C69178D00764CCD /* OnboardingViewModel.swift in Sources */ = {isa = PBXBuildFile; fileRef = BE5B3CE32C69178D00764CCD /* OnboardingViewModel.swift */; };
		BE5B3CE62C69189500764CCD /* OnboardingModel.swift in Sources */ = {isa = PBXBuildFile; fileRef = BE5B3CE52C69189500764CCD /* OnboardingModel.swift */; };
		BE5B3CEA2C6918E700764CCD /* Auth.swift in Sources */ = {isa = PBXBuildFile; fileRef = BE5B3CE92C6918E700764CCD /* Auth.swift */; };
		BE5B3CED2C691EB800764CCD /* TabBarController.swift in Sources */ = {isa = PBXBuildFile; fileRef = BE5B3CEC2C691EB800764CCD /* TabBarController.swift */; };
		BE72ED942C6C063B0073B47E /* TriangleViewModel.swift in Sources */ = {isa = PBXBuildFile; fileRef = BE72ED932C6C063B0073B47E /* TriangleViewModel.swift */; };
		BE72ED962C6C064B0073B47E /* TriangleContracts.swift in Sources */ = {isa = PBXBuildFile; fileRef = BE72ED952C6C064B0073B47E /* TriangleContracts.swift */; };
		BE72ED9D2C6C0A000073B47E /* StatefulViewController.swift in Sources */ = {isa = PBXBuildFile; fileRef = BE72ED9C2C6C0A000073B47E /* StatefulViewController.swift */; };
		BEF2C3342C6963730027A7EB /* PDFViewerViewController.swift in Sources */ = {isa = PBXBuildFile; fileRef = BEF2C3332C6963730027A7EB /* PDFViewerViewController.swift */; };
/* End PBXBuildFile section */

/* Begin PBXFileReference section */
		BE1FF8082C6D617E000635C1 /* UnavailableModel.swift */ = {isa = PBXFileReference; lastKnownFileType = sourcecode.swift; path = UnavailableModel.swift; sourceTree = "<group>"; };
		BE1FF80A2C6D6422000635C1 /* Unavailable.swift */ = {isa = PBXFileReference; lastKnownFileType = sourcecode.swift; path = Unavailable.swift; sourceTree = "<group>"; };
		BE1FF80D2C6DF2C4000635C1 /* HKOD.mlpackage */ = {isa = PBXFileReference; lastKnownFileType = folder.mlpackage; path = HKOD.mlpackage; sourceTree = "<group>"; };
		BE1FF80F2C6DF2D3000635C1 /* FCRN.mlmodel */ = {isa = PBXFileReference; lastKnownFileType = file.mlmodel; path = FCRN.mlmodel; sourceTree = "<group>"; };
		BE1FF8122C6DF347000635C1 /* MLMultiArray+Extension.swift */ = {isa = PBXFileReference; lastKnownFileType = sourcecode.swift; path = "MLMultiArray+Extension.swift"; sourceTree = "<group>"; };
		BE1FF8142C6DF364000635C1 /* UIImage+Extension.swift */ = {isa = PBXFileReference; lastKnownFileType = sourcecode.swift; path = "UIImage+Extension.swift"; sourceTree = "<group>"; };
		BE1FF8162C6DF3A7000635C1 /* MLManager.swift */ = {isa = PBXFileReference; lastKnownFileType = sourcecode.swift; path = MLManager.swift; sourceTree = "<group>"; };
		BE1FF8182C6DF45D000635C1 /* Graph.swift */ = {isa = PBXFileReference; lastKnownFileType = sourcecode.swift; path = Graph.swift; sourceTree = "<group>"; };
		BE1FF81A2C6DF463000635C1 /* GraphNode.swift */ = {isa = PBXFileReference; lastKnownFileType = sourcecode.swift; path = GraphNode.swift; sourceTree = "<group>"; };
		BE1FF81C2C6DF473000635C1 /* GraphNeighbor.swift */ = {isa = PBXFileReference; lastKnownFileType = sourcecode.swift; path = GraphNeighbor.swift; sourceTree = "<group>"; };
		BE1FF81F2C6DF4EC000635C1 /* GraphNodeType.swift */ = {isa = PBXFileReference; lastKnownFileType = sourcecode.swift; path = GraphNodeType.swift; sourceTree = "<group>"; };
		BE1FF8212C6E0B98000635C1 /* MLManagerProtocol.swift */ = {isa = PBXFileReference; lastKnownFileType = sourcecode.swift; path = MLManagerProtocol.swift; sourceTree = "<group>"; };
		BE43C0202C6AA40500F515ED /* Presentable.swift */ = {isa = PBXFileReference; lastKnownFileType = sourcecode.swift; path = Presentable.swift; sourceTree = "<group>"; };
		BE43C0242C6AA40E00F515ED /* Alertable.swift */ = {isa = PBXFileReference; lastKnownFileType = sourcecode.swift; path = Alertable.swift; sourceTree = "<group>"; };
		BE43C0262C6AA41800F515ED /* Pushable.swift */ = {isa = PBXFileReference; lastKnownFileType = sourcecode.swift; path = Pushable.swift; sourceTree = "<group>"; };
		BE43C0282C6AA42100F515ED /* Loadable.swift */ = {isa = PBXFileReference; lastKnownFileType = sourcecode.swift; path = Loadable.swift; sourceTree = "<group>"; };
		BE43C02A2C6AA60E00F515ED /* Dismissable.swift */ = {isa = PBXFileReference; lastKnownFileType = sourcecode.swift; path = Dismissable.swift; sourceTree = "<group>"; };
		BE43C02C2C6AA66E00F515ED /* AlertModel.swift */ = {isa = PBXFileReference; lastKnownFileType = sourcecode.swift; path = AlertModel.swift; sourceTree = "<group>"; };
		BE43C02E2C6AA88E00F515ED /* PDFModel.swift */ = {isa = PBXFileReference; lastKnownFileType = sourcecode.swift; path = PDFModel.swift; sourceTree = "<group>"; };
		BE5B3C8B2C67D76300764CCD /* HayattaKal.app */ = {isa = PBXFileReference; explicitFileType = wrapper.application; includeInIndex = 0; path = HayattaKal.app; sourceTree = BUILT_PRODUCTS_DIR; };
		BE5B3C8E2C67D76300764CCD /* AppDelegate.swift */ = {isa = PBXFileReference; lastKnownFileType = sourcecode.swift; path = AppDelegate.swift; sourceTree = "<group>"; };
		BE5B3C922C67D76300764CCD /* HomeViewController.swift */ = {isa = PBXFileReference; lastKnownFileType = sourcecode.swift; path = HomeViewController.swift; sourceTree = "<group>"; };
		BE5B3C972C67D76400764CCD /* Assets.xcassets */ = {isa = PBXFileReference; lastKnownFileType = folder.assetcatalog; path = Assets.xcassets; sourceTree = "<group>"; };
		BE5B3C9A2C67D76400764CCD /* Base */ = {isa = PBXFileReference; lastKnownFileType = file.storyboard; name = Base; path = Base.lproj/LaunchScreen.storyboard; sourceTree = "<group>"; };
		BE5B3C9C2C67D76400764CCD /* Info.plist */ = {isa = PBXFileReference; lastKnownFileType = text.plist.xml; path = Info.plist; sourceTree = "<group>"; };
		BE5B3CA42C68DD2C00764CCD /* AppRouter.swift */ = {isa = PBXFileReference; lastKnownFileType = sourcecode.swift; path = AppRouter.swift; sourceTree = "<group>"; };
		BE5B3CA62C68DD5000764CCD /* AppContainer.swift */ = {isa = PBXFileReference; lastKnownFileType = sourcecode.swift; path = AppContainer.swift; sourceTree = "<group>"; };
		BE5B3CB62C68E24F00764CCD /* HomeScene.swift */ = {isa = PBXFileReference; lastKnownFileType = sourcecode.swift; path = HomeScene.swift; sourceTree = "<group>"; };
		BE5B3CB82C68E45500764CCD /* TriangleViewController.swift */ = {isa = PBXFileReference; lastKnownFileType = sourcecode.swift; path = TriangleViewController.swift; sourceTree = "<group>"; };
		BE5B3CBA2C68EF1000764CCD /* Home+UI.swift */ = {isa = PBXFileReference; lastKnownFileType = sourcecode.swift; path = "Home+UI.swift"; sourceTree = "<group>"; };
		BE5B3CBE2C68EF6A00764CCD /* Array+Extension.swift */ = {isa = PBXFileReference; lastKnownFileType = sourcecode.swift; path = "Array+Extension.swift"; sourceTree = "<group>"; };
		BE5B3CC12C68EFBF00764CCD /* HomeModel.swift */ = {isa = PBXFileReference; lastKnownFileType = sourcecode.swift; path = HomeModel.swift; sourceTree = "<group>"; };
		BE5B3CC42C68EFD300764CCD /* SFSymbol.swift */ = {isa = PBXFileReference; lastKnownFileType = sourcecode.swift; path = SFSymbol.swift; sourceTree = "<group>"; };
		BE5B3CC62C68F01400764CCD /* HomeSceneType.swift */ = {isa = PBXFileReference; lastKnownFileType = sourcecode.swift; path = HomeSceneType.swift; sourceTree = "<group>"; };
		BE5B3CC82C68F12B00764CCD /* Colors.xcassets */ = {isa = PBXFileReference; lastKnownFileType = folder.assetcatalog; path = Colors.xcassets; sourceTree = "<group>"; };
		BE5B3CCA2C68F15C00764CCD /* View+Extension.swift */ = {isa = PBXFileReference; lastKnownFileType = sourcecode.swift; path = "View+Extension.swift"; sourceTree = "<group>"; };
		BE5B3CCC2C68F18300764CCD /* Images.xcassets */ = {isa = PBXFileReference; lastKnownFileType = folder.assetcatalog; path = Images.xcassets; sourceTree = "<group>"; };
		BE5B3CD02C68F51D00764CCD /* HomeDetailScene.swift */ = {isa = PBXFileReference; lastKnownFileType = sourcecode.swift; path = HomeDetailScene.swift; sourceTree = "<group>"; };
		BE5B3CD22C68F53100764CCD /* HomeDetail+UI.swift */ = {isa = PBXFileReference; lastKnownFileType = sourcecode.swift; path = "HomeDetail+UI.swift"; sourceTree = "<group>"; };
		BE5B3CD52C69017B00764CCD /* OnboardingScene.swift */ = {isa = PBXFileReference; lastKnownFileType = sourcecode.swift; path = OnboardingScene.swift; sourceTree = "<group>"; };
		BE5B3CD72C69018900764CCD /* Onboarding+UI.swift */ = {isa = PBXFileReference; lastKnownFileType = sourcecode.swift; path = "Onboarding+UI.swift"; sourceTree = "<group>"; };
		BE5B3CDB2C6901D100764CCD /* UserDefaultsManager.swift */ = {isa = PBXFileReference; lastKnownFileType = sourcecode.swift; path = UserDefaultsManager.swift; sourceTree = "<group>"; };
		BE5B3CDD2C6901E200764CCD /* UserDefaultsContracts.swift */ = {isa = PBXFileReference; lastKnownFileType = sourcecode.swift; path = UserDefaultsContracts.swift; sourceTree = "<group>"; };
		BE5B3CDF2C69035D00764CCD /* UserDefaultsKey.swift */ = {isa = PBXFileReference; lastKnownFileType = sourcecode.swift; path = UserDefaultsKey.swift; sourceTree = "<group>"; };
		BE5B3CE12C6916F500764CCD /* OnboardingViewController.swift */ = {isa = PBXFileReference; lastKnownFileType = sourcecode.swift; path = OnboardingViewController.swift; sourceTree = "<group>"; };
		BE5B3CE32C69178D00764CCD /* OnboardingViewModel.swift */ = {isa = PBXFileReference; lastKnownFileType = sourcecode.swift; path = OnboardingViewModel.swift; sourceTree = "<group>"; };
		BE5B3CE52C69189500764CCD /* OnboardingModel.swift */ = {isa = PBXFileReference; lastKnownFileType = sourcecode.swift; path = OnboardingModel.swift; sourceTree = "<group>"; };
		BE5B3CE92C6918E700764CCD /* Auth.swift */ = {isa = PBXFileReference; lastKnownFileType = sourcecode.swift; path = Auth.swift; sourceTree = "<group>"; };
		BE5B3CEC2C691EB800764CCD /* TabBarController.swift */ = {isa = PBXFileReference; lastKnownFileType = sourcecode.swift; path = TabBarController.swift; sourceTree = "<group>"; };
		BE72ED932C6C063B0073B47E /* TriangleViewModel.swift */ = {isa = PBXFileReference; lastKnownFileType = sourcecode.swift; path = TriangleViewModel.swift; sourceTree = "<group>"; };
		BE72ED952C6C064B0073B47E /* TriangleContracts.swift */ = {isa = PBXFileReference; lastKnownFileType = sourcecode.swift; path = TriangleContracts.swift; sourceTree = "<group>"; };
		BE72ED9C2C6C0A000073B47E /* StatefulViewController.swift */ = {isa = PBXFileReference; lastKnownFileType = sourcecode.swift; path = StatefulViewController.swift; sourceTree = "<group>"; };
		BEF2C3332C6963730027A7EB /* PDFViewerViewController.swift */ = {isa = PBXFileReference; lastKnownFileType = sourcecode.swift; path = PDFViewerViewController.swift; sourceTree = "<group>"; };
/* End PBXFileReference section */

/* Begin PBXFrameworksBuildPhase section */
		BE5B3C882C67D76300764CCD /* Frameworks */ = {
			isa = PBXFrameworksBuildPhase;
			buildActionMask = 2147483647;
			files = (
			);
			runOnlyForDeploymentPostprocessing = 0;
		};
/* End PBXFrameworksBuildPhase section */

/* Begin PBXGroup section */
		BE1FF80C2C6DF2B1000635C1 /* MLModel */ = {
			isa = PBXGroup;
			children = (
				BE1FF80F2C6DF2D3000635C1 /* FCRN.mlmodel */,
				BE1FF80D2C6DF2C4000635C1 /* HKOD.mlpackage */,
			);
			path = MLModel;
			sourceTree = "<group>";
		};
		BE1FF8112C6DF30A000635C1 /* MLManager */ = {
			isa = PBXGroup;
			children = (
				BE1FF8182C6DF45D000635C1 /* Graph.swift */,
				BE1FF8162C6DF3A7000635C1 /* MLManager.swift */,
				BE1FF8212C6E0B98000635C1 /* MLManagerProtocol.swift */,
				BE1FF81E2C6DF481000635C1 /* Model */,
			);
			path = MLManager;
			sourceTree = "<group>";
		};
		BE1FF81E2C6DF481000635C1 /* Model */ = {
			isa = PBXGroup;
			children = (
				BE1FF81C2C6DF473000635C1 /* GraphNeighbor.swift */,
				BE1FF81A2C6DF463000635C1 /* GraphNode.swift */,
				BE1FF81F2C6DF4EC000635C1 /* GraphNodeType.swift */,
			);
			path = Model;
			sourceTree = "<group>";
		};
		BE5B3C822C67D76300764CCD = {
			isa = PBXGroup;
			children = (
				BE5B3C8D2C67D76300764CCD /* HayattaKal */,
				BE5B3C8C2C67D76300764CCD /* Products */,
			);
			sourceTree = "<group>";
		};
		BE5B3C8C2C67D76300764CCD /* Products */ = {
			isa = PBXGroup;
			children = (
				BE5B3C8B2C67D76300764CCD /* HayattaKal.app */,
			);
			name = Products;
			sourceTree = "<group>";
		};
		BE5B3C8D2C67D76300764CCD /* HayattaKal */ = {
			isa = PBXGroup;
			children = (
				BE5B3CA32C68DCE500764CCD /* App */,
				BE5B3CD92C6901BD00764CCD /* Core */,
				BE5B3CE72C6918CA00764CCD /* Products */,
				BE5B3CAB2C68E06F00764CCD /* Resources */,
				BE5B3CA82C68E05800764CCD /* Scenes */,
				BE5B3CBC2C68EF5600764CCD /* Utils */,
			);
			path = HayattaKal;
			sourceTree = "<group>";
		};
		BE5B3CA32C68DCE500764CCD /* App */ = {
			isa = PBXGroup;
			children = (
				BE5B3CA62C68DD5000764CCD /* AppContainer.swift */,
				BE5B3C8E2C67D76300764CCD /* AppDelegate.swift */,
				BE5B3CA42C68DD2C00764CCD /* AppRouter.swift */,
			);
			path = App;
			sourceTree = "<group>";
		};
		BE5B3CA82C68E05800764CCD /* Scenes */ = {
			isa = PBXGroup;
			children = (
				BE5B3CA92C68E05C00764CCD /* Home */,
				BE5B3CCF2C68F50D00764CCD /* HomeDetail */,
				BE5B3CAD2C68E09F00764CCD /* Launch */,
				BE5B3CD42C69016200764CCD /* Onboarding */,
				BE5B3CEB2C691E8B00764CCD /* Tab */,
				BE5B3CAA2C68E06300764CCD /* Triangle */,
			);
			path = Scenes;
			sourceTree = "<group>";
		};
		BE5B3CA92C68E05C00764CCD /* Home */ = {
			isa = PBXGroup;
			children = (
				BE5B3CBA2C68EF1000764CCD /* Home+UI.swift */,
				BE5B3CB62C68E24F00764CCD /* HomeScene.swift */,
				BE5B3C922C67D76300764CCD /* HomeViewController.swift */,
			);
			path = Home;
			sourceTree = "<group>";
		};
		BE5B3CAA2C68E06300764CCD /* Triangle */ = {
			isa = PBXGroup;
			children = (
				BE72ED952C6C064B0073B47E /* TriangleContracts.swift */,
				BE5B3CB82C68E45500764CCD /* TriangleViewController.swift */,
				BE72ED932C6C063B0073B47E /* TriangleViewModel.swift */,
			);
			path = Triangle;
			sourceTree = "<group>";
		};
		BE5B3CAB2C68E06F00764CCD /* Resources */ = {
			isa = PBXGroup;
			children = (
				BE5B3C972C67D76400764CCD /* Assets.xcassets */,
				BE5B3CC82C68F12B00764CCD /* Colors.xcassets */,
				BE5B3CCC2C68F18300764CCD /* Images.xcassets */,
				BE5B3C9C2C67D76400764CCD /* Info.plist */,
			);
			path = Resources;
			sourceTree = "<group>";
		};
		BE5B3CAD2C68E09F00764CCD /* Launch */ = {
			isa = PBXGroup;
			children = (
				BE5B3C992C67D76400764CCD /* LaunchScreen.storyboard */,
			);
			path = Launch;
			sourceTree = "<group>";
		};
		BE5B3CBC2C68EF5600764CCD /* Utils */ = {
			isa = PBXGroup;
			children = (
				BE5B3CC32C68EFCE00764CCD /* Enum */,
				BE5B3CBD2C68EF5B00764CCD /* Extension */,
			);
			path = Utils;
			sourceTree = "<group>";
		};
		BE5B3CBD2C68EF5B00764CCD /* Extension */ = {
			isa = PBXGroup;
			children = (
				BE5B3CBE2C68EF6A00764CCD /* Array+Extension.swift */,
				BE1FF8122C6DF347000635C1 /* MLMultiArray+Extension.swift */,
				BE1FF8142C6DF364000635C1 /* UIImage+Extension.swift */,
				BE5B3CCA2C68F15C00764CCD /* View+Extension.swift */,
			);
			path = Extension;
			sourceTree = "<group>";
		};
		BE5B3CC02C68EFBA00764CCD /* Model */ = {
			isa = PBXGroup;
			children = (
				BE43C02C2C6AA66E00F515ED /* AlertModel.swift */,
				BE5B3CC12C68EFBF00764CCD /* HomeModel.swift */,
				BE5B3CE52C69189500764CCD /* OnboardingModel.swift */,
				BE43C02E2C6AA88E00F515ED /* PDFModel.swift */,
				BE1FF8082C6D617E000635C1 /* UnavailableModel.swift */,
			);
			path = Model;
			sourceTree = "<group>";
		};
		BE5B3CC32C68EFCE00764CCD /* Enum */ = {
			isa = PBXGroup;
			children = (
				BE5B3CDF2C69035D00764CCD /* UserDefaultsKey.swift */,
				BE5B3CC62C68F01400764CCD /* HomeSceneType.swift */,
				BE5B3CC42C68EFD300764CCD /* SFSymbol.swift */,
			);
			path = Enum;
			sourceTree = "<group>";
		};
		BE5B3CCF2C68F50D00764CCD /* HomeDetail */ = {
			isa = PBXGroup;
			children = (
				BE5B3CD22C68F53100764CCD /* HomeDetail+UI.swift */,
				BE5B3CD02C68F51D00764CCD /* HomeDetailScene.swift */,
			);
			path = HomeDetail;
			sourceTree = "<group>";
		};
		BE5B3CD42C69016200764CCD /* Onboarding */ = {
			isa = PBXGroup;
			children = (
				BE5B3CD72C69018900764CCD /* Onboarding+UI.swift */,
				BE5B3CD52C69017B00764CCD /* OnboardingScene.swift */,
				BE5B3CE12C6916F500764CCD /* OnboardingViewController.swift */,
				BE5B3CE32C69178D00764CCD /* OnboardingViewModel.swift */,
			);
			path = Onboarding;
			sourceTree = "<group>";
		};
		BE5B3CD92C6901BD00764CCD /* Core */ = {
			isa = PBXGroup;
			children = (
				BE1FF8112C6DF30A000635C1 /* MLManager */,
				BE5B3CDA2C6901C000764CCD /* UserDefaults */,
			);
			path = Core;
			sourceTree = "<group>";
		};
		BE5B3CDA2C6901C000764CCD /* UserDefaults */ = {
			isa = PBXGroup;
			children = (
				BE5B3CDD2C6901E200764CCD /* UserDefaultsContracts.swift */,
				BE5B3CDB2C6901D100764CCD /* UserDefaultsManager.swift */,
			);
			path = UserDefaults;
			sourceTree = "<group>";
		};
		BE5B3CE72C6918CA00764CCD /* Products */ = {
			isa = PBXGroup;
			children = (
				BE72ED972C6C06620073B47E /* Controller */,
				BEF2C3352C69F4240027A7EB /* Delegate */,
				BE1FF80C2C6DF2B1000635C1 /* MLModel */,
				BE5B3CC02C68EFBA00764CCD /* Model */,
				BE5B3CE82C6918CD00764CCD /* Modifier */,
			);
			path = Products;
			sourceTree = "<group>";
		};
		BE5B3CE82C6918CD00764CCD /* Modifier */ = {
			isa = PBXGroup;
			children = (
				BE5B3CE92C6918E700764CCD /* Auth.swift */,
			);
			path = Modifier;
			sourceTree = "<group>";
		};
		BE5B3CEB2C691E8B00764CCD /* Tab */ = {
			isa = PBXGroup;
			children = (
				BE5B3CEC2C691EB800764CCD /* TabBarController.swift */,
			);
			path = Tab;
			sourceTree = "<group>";
		};
		BE72ED972C6C06620073B47E /* Controller */ = {
			isa = PBXGroup;
			children = (
				BEF2C3332C6963730027A7EB /* PDFViewerViewController.swift */,
				BE72ED9C2C6C0A000073B47E /* StatefulViewController.swift */,
			);
			path = Controller;
			sourceTree = "<group>";
		};
		BEF2C3352C69F4240027A7EB /* Delegate */ = {
			isa = PBXGroup;
			children = (
				BE43C0242C6AA40E00F515ED /* Alertable.swift */,
				BE43C02A2C6AA60E00F515ED /* Dismissable.swift */,
				BE43C0282C6AA42100F515ED /* Loadable.swift */,
				BE43C0202C6AA40500F515ED /* Presentable.swift */,
				BE43C0262C6AA41800F515ED /* Pushable.swift */,
				BE1FF80A2C6D6422000635C1 /* Unavailable.swift */,
			);
			path = Delegate;
			sourceTree = "<group>";
		};
/* End PBXGroup section */

/* Begin PBXNativeTarget section */
		BE5B3C8A2C67D76300764CCD /* HayattaKal */ = {
			isa = PBXNativeTarget;
			buildConfigurationList = BE5B3C9F2C67D76400764CCD /* Build configuration list for PBXNativeTarget "HayattaKal" */;
			buildPhases = (
				BE5B3C872C67D76300764CCD /* Sources */,
				BE5B3C882C67D76300764CCD /* Frameworks */,
				BE5B3C892C67D76300764CCD /* Resources */,
			);
			buildRules = (
			);
			dependencies = (
			);
			name = HayattaKal;
			productName = HayattaKal;
			productReference = BE5B3C8B2C67D76300764CCD /* HayattaKal.app */;
			productType = "com.apple.product-type.application";
		};
/* End PBXNativeTarget section */

/* Begin PBXProject section */
		BE5B3C832C67D76300764CCD /* Project object */ = {
			isa = PBXProject;
			attributes = {
				BuildIndependentTargetsInParallel = 1;
				LastSwiftUpdateCheck = 1540;
				LastUpgradeCheck = 1540;
				TargetAttributes = {
					BE5B3C8A2C67D76300764CCD = {
						CreatedOnToolsVersion = 15.4;
					};
				};
			};
			buildConfigurationList = BE5B3C862C67D76300764CCD /* Build configuration list for PBXProject "HayattaKal" */;
			compatibilityVersion = "Xcode 14.0";
			developmentRegion = en;
			hasScannedForEncodings = 0;
			knownRegions = (
				en,
				Base,
			);
			mainGroup = BE5B3C822C67D76300764CCD;
			productRefGroup = BE5B3C8C2C67D76300764CCD /* Products */;
			projectDirPath = "";
			projectRoot = "";
			targets = (
				BE5B3C8A2C67D76300764CCD /* HayattaKal */,
			);
		};
/* End PBXProject section */

/* Begin PBXResourcesBuildPhase section */
		BE5B3C892C67D76300764CCD /* Resources */ = {
			isa = PBXResourcesBuildPhase;
			buildActionMask = 2147483647;
			files = (
				BE5B3CC92C68F12B00764CCD /* Colors.xcassets in Resources */,
				BE5B3CCD2C68F18300764CCD /* Images.xcassets in Resources */,
				BE5B3C982C67D76400764CCD /* Assets.xcassets in Resources */,
				BE5B3C9B2C67D76400764CCD /* Base in Resources */,
			);
			runOnlyForDeploymentPostprocessing = 0;
		};
/* End PBXResourcesBuildPhase section */

/* Begin PBXSourcesBuildPhase section */
		BE5B3C872C67D76300764CCD /* Sources */ = {
			isa = PBXSourcesBuildPhase;
			buildActionMask = 2147483647;
			files = (
				BE5B3CE02C69035D00764CCD /* UserDefaultsKey.swift in Sources */,
				BE5B3C932C67D76300764CCD /* HomeViewController.swift in Sources */,
				BE1FF81B2C6DF463000635C1 /* GraphNode.swift in Sources */,
				BE43C0272C6AA41800F515ED /* Pushable.swift in Sources */,
				BE5B3CB72C68E24F00764CCD /* HomeScene.swift in Sources */,
				BE1FF8222C6E0B98000635C1 /* MLManagerProtocol.swift in Sources */,
				BE1FF8092C6D617E000635C1 /* UnavailableModel.swift in Sources */,
				BE5B3CDC2C6901D100764CCD /* UserDefaultsManager.swift in Sources */,
				BE72ED942C6C063B0073B47E /* TriangleViewModel.swift in Sources */,
				BE1FF8202C6DF4EC000635C1 /* GraphNodeType.swift in Sources */,
				BE5B3CA72C68DD5000764CCD /* AppContainer.swift in Sources */,
				BE5B3CD62C69017B00764CCD /* OnboardingScene.swift in Sources */,
				BE5B3CC72C68F01400764CCD /* HomeSceneType.swift in Sources */,
				BE5B3CBF2C68EF6A00764CCD /* Array+Extension.swift in Sources */,
				BE1FF80E2C6DF2C4000635C1 /* HKOD.mlpackage in Sources */,
				BE1FF80B2C6D6422000635C1 /* Unavailable.swift in Sources */,
				BE43C02F2C6AA88E00F515ED /* PDFModel.swift in Sources */,
				BE5B3CB92C68E45500764CCD /* TriangleViewController.swift in Sources */,
				BE5B3CED2C691EB800764CCD /* TabBarController.swift in Sources */,
				BE5B3CBB2C68EF1000764CCD /* Home+UI.swift in Sources */,
				BE5B3CD32C68F53100764CCD /* HomeDetail+UI.swift in Sources */,
				BE1FF8132C6DF347000635C1 /* MLMultiArray+Extension.swift in Sources */,
				BE1FF8192C6DF45D000635C1 /* Graph.swift in Sources */,
				BE43C0212C6AA40500F515ED /* Presentable.swift in Sources */,
				BEF2C3342C6963730027A7EB /* PDFViewerViewController.swift in Sources */,
				BE5B3C8F2C67D76300764CCD /* AppDelegate.swift in Sources */,
				BE5B3CD82C69018900764CCD /* Onboarding+UI.swift in Sources */,
				BE72ED962C6C064B0073B47E /* TriangleContracts.swift in Sources */,
				BE1FF81D2C6DF473000635C1 /* GraphNeighbor.swift in Sources */,
				BE5B3CEA2C6918E700764CCD /* Auth.swift in Sources */,
				BE5B3CC22C68EFBF00764CCD /* HomeModel.swift in Sources */,
				BE5B3CE62C69189500764CCD /* OnboardingModel.swift in Sources */,
				BE5B3CA52C68DD2C00764CCD /* AppRouter.swift in Sources */,
				BE5B3CD12C68F51D00764CCD /* HomeDetailScene.swift in Sources */,
				BE1FF8152C6DF364000635C1 /* UIImage+Extension.swift in Sources */,
				BE5B3CCB2C68F15C00764CCD /* View+Extension.swift in Sources */,
				BE43C0252C6AA40E00F515ED /* Alertable.swift in Sources */,
				BE5B3CDE2C6901E200764CCD /* UserDefaultsContracts.swift in Sources */,
				BE5B3CE22C6916F500764CCD /* OnboardingViewController.swift in Sources */,
				BE43C0292C6AA42100F515ED /* Loadable.swift in Sources */,
				BE72ED9D2C6C0A000073B47E /* StatefulViewController.swift in Sources */,
				BE1FF8172C6DF3A7000635C1 /* MLManager.swift in Sources */,
				BE1FF8102C6DF2D3000635C1 /* FCRN.mlmodel in Sources */,
				BE43C02B2C6AA60E00F515ED /* Dismissable.swift in Sources */,
				BE5B3CE42C69178D00764CCD /* OnboardingViewModel.swift in Sources */,
				BE43C02D2C6AA66E00F515ED /* AlertModel.swift in Sources */,
				BE5B3CC52C68EFD300764CCD /* SFSymbol.swift in Sources */,
			);
			runOnlyForDeploymentPostprocessing = 0;
		};
/* End PBXSourcesBuildPhase section */

/* Begin PBXVariantGroup section */
		BE5B3C992C67D76400764CCD /* LaunchScreen.storyboard */ = {
			isa = PBXVariantGroup;
			children = (
				BE5B3C9A2C67D76400764CCD /* Base */,
			);
			name = LaunchScreen.storyboard;
			sourceTree = "<group>";
		};
/* End PBXVariantGroup section */

/* Begin XCBuildConfiguration section */
		BE5B3C9D2C67D76400764CCD /* Debug */ = {
			isa = XCBuildConfiguration;
			buildSettings = {
				ALWAYS_SEARCH_USER_PATHS = NO;
				ASSETCATALOG_COMPILER_GENERATE_SWIFT_ASSET_SYMBOL_EXTENSIONS = YES;
				CLANG_ANALYZER_NONNULL = YES;
				CLANG_ANALYZER_NUMBER_OBJECT_CONVERSION = YES_AGGRESSIVE;
				CLANG_CXX_LANGUAGE_STANDARD = "gnu++20";
				CLANG_ENABLE_MODULES = YES;
				CLANG_ENABLE_OBJC_ARC = YES;
				CLANG_ENABLE_OBJC_WEAK = YES;
				CLANG_WARN_BLOCK_CAPTURE_AUTORELEASING = YES;
				CLANG_WARN_BOOL_CONVERSION = YES;
				CLANG_WARN_COMMA = YES;
				CLANG_WARN_CONSTANT_CONVERSION = YES;
				CLANG_WARN_DEPRECATED_OBJC_IMPLEMENTATIONS = YES;
				CLANG_WARN_DIRECT_OBJC_ISA_USAGE = YES_ERROR;
				CLANG_WARN_DOCUMENTATION_COMMENTS = YES;
				CLANG_WARN_EMPTY_BODY = YES;
				CLANG_WARN_ENUM_CONVERSION = YES;
				CLANG_WARN_INFINITE_RECURSION = YES;
				CLANG_WARN_INT_CONVERSION = YES;
				CLANG_WARN_NON_LITERAL_NULL_CONVERSION = YES;
				CLANG_WARN_OBJC_IMPLICIT_RETAIN_SELF = YES;
				CLANG_WARN_OBJC_LITERAL_CONVERSION = YES;
				CLANG_WARN_OBJC_ROOT_CLASS = YES_ERROR;
				CLANG_WARN_QUOTED_INCLUDE_IN_FRAMEWORK_HEADER = YES;
				CLANG_WARN_RANGE_LOOP_ANALYSIS = YES;
				CLANG_WARN_STRICT_PROTOTYPES = YES;
				CLANG_WARN_SUSPICIOUS_MOVE = YES;
				CLANG_WARN_UNGUARDED_AVAILABILITY = YES_AGGRESSIVE;
				CLANG_WARN_UNREACHABLE_CODE = YES;
				CLANG_WARN__DUPLICATE_METHOD_MATCH = YES;
				COPY_PHASE_STRIP = NO;
				DEBUG_INFORMATION_FORMAT = dwarf;
				ENABLE_STRICT_OBJC_MSGSEND = YES;
				ENABLE_TESTABILITY = YES;
				ENABLE_USER_SCRIPT_SANDBOXING = YES;
				GCC_C_LANGUAGE_STANDARD = gnu17;
				GCC_DYNAMIC_NO_PIC = NO;
				GCC_NO_COMMON_BLOCKS = YES;
				GCC_OPTIMIZATION_LEVEL = 0;
				GCC_PREPROCESSOR_DEFINITIONS = (
					"DEBUG=1",
					"$(inherited)",
				);
				GCC_WARN_64_TO_32_BIT_CONVERSION = YES;
				GCC_WARN_ABOUT_RETURN_TYPE = YES_ERROR;
				GCC_WARN_UNDECLARED_SELECTOR = YES;
				GCC_WARN_UNINITIALIZED_AUTOS = YES_AGGRESSIVE;
				GCC_WARN_UNUSED_FUNCTION = YES;
				GCC_WARN_UNUSED_VARIABLE = YES;
				IPHONEOS_DEPLOYMENT_TARGET = 17.5;
				LOCALIZATION_PREFERS_STRING_CATALOGS = YES;
				MTL_ENABLE_DEBUG_INFO = INCLUDE_SOURCE;
				MTL_FAST_MATH = YES;
				ONLY_ACTIVE_ARCH = YES;
				SDKROOT = iphoneos;
				SWIFT_ACTIVE_COMPILATION_CONDITIONS = "DEBUG $(inherited)";
				SWIFT_OPTIMIZATION_LEVEL = "-Onone";
			};
			name = Debug;
		};
		BE5B3C9E2C67D76400764CCD /* Release */ = {
			isa = XCBuildConfiguration;
			buildSettings = {
				ALWAYS_SEARCH_USER_PATHS = NO;
				ASSETCATALOG_COMPILER_GENERATE_SWIFT_ASSET_SYMBOL_EXTENSIONS = YES;
				CLANG_ANALYZER_NONNULL = YES;
				CLANG_ANALYZER_NUMBER_OBJECT_CONVERSION = YES_AGGRESSIVE;
				CLANG_CXX_LANGUAGE_STANDARD = "gnu++20";
				CLANG_ENABLE_MODULES = YES;
				CLANG_ENABLE_OBJC_ARC = YES;
				CLANG_ENABLE_OBJC_WEAK = YES;
				CLANG_WARN_BLOCK_CAPTURE_AUTORELEASING = YES;
				CLANG_WARN_BOOL_CONVERSION = YES;
				CLANG_WARN_COMMA = YES;
				CLANG_WARN_CONSTANT_CONVERSION = YES;
				CLANG_WARN_DEPRECATED_OBJC_IMPLEMENTATIONS = YES;
				CLANG_WARN_DIRECT_OBJC_ISA_USAGE = YES_ERROR;
				CLANG_WARN_DOCUMENTATION_COMMENTS = YES;
				CLANG_WARN_EMPTY_BODY = YES;
				CLANG_WARN_ENUM_CONVERSION = YES;
				CLANG_WARN_INFINITE_RECURSION = YES;
				CLANG_WARN_INT_CONVERSION = YES;
				CLANG_WARN_NON_LITERAL_NULL_CONVERSION = YES;
				CLANG_WARN_OBJC_IMPLICIT_RETAIN_SELF = YES;
				CLANG_WARN_OBJC_LITERAL_CONVERSION = YES;
				CLANG_WARN_OBJC_ROOT_CLASS = YES_ERROR;
				CLANG_WARN_QUOTED_INCLUDE_IN_FRAMEWORK_HEADER = YES;
				CLANG_WARN_RANGE_LOOP_ANALYSIS = YES;
				CLANG_WARN_STRICT_PROTOTYPES = YES;
				CLANG_WARN_SUSPICIOUS_MOVE = YES;
				CLANG_WARN_UNGUARDED_AVAILABILITY = YES_AGGRESSIVE;
				CLANG_WARN_UNREACHABLE_CODE = YES;
				CLANG_WARN__DUPLICATE_METHOD_MATCH = YES;
				COPY_PHASE_STRIP = NO;
				DEBUG_INFORMATION_FORMAT = "dwarf-with-dsym";
				ENABLE_NS_ASSERTIONS = NO;
				ENABLE_STRICT_OBJC_MSGSEND = YES;
				ENABLE_USER_SCRIPT_SANDBOXING = YES;
				GCC_C_LANGUAGE_STANDARD = gnu17;
				GCC_NO_COMMON_BLOCKS = YES;
				GCC_WARN_64_TO_32_BIT_CONVERSION = YES;
				GCC_WARN_ABOUT_RETURN_TYPE = YES_ERROR;
				GCC_WARN_UNDECLARED_SELECTOR = YES;
				GCC_WARN_UNINITIALIZED_AUTOS = YES_AGGRESSIVE;
				GCC_WARN_UNUSED_FUNCTION = YES;
				GCC_WARN_UNUSED_VARIABLE = YES;
				IPHONEOS_DEPLOYMENT_TARGET = 17.5;
				LOCALIZATION_PREFERS_STRING_CATALOGS = YES;
				MTL_ENABLE_DEBUG_INFO = NO;
				MTL_FAST_MATH = YES;
				SDKROOT = iphoneos;
				SWIFT_COMPILATION_MODE = wholemodule;
				VALIDATE_PRODUCT = YES;
			};
			name = Release;
		};
		BE5B3CA02C67D76400764CCD /* Debug */ = {
			isa = XCBuildConfiguration;
			buildSettings = {
				ASSETCATALOG_COMPILER_APPICON_NAME = AppIcon;
				ASSETCATALOG_COMPILER_GLOBAL_ACCENT_COLOR_NAME = AccentColor;
				CODE_SIGN_STYLE = Automatic;
				CURRENT_PROJECT_VERSION = 1;
				DEVELOPMENT_TEAM = 46PR5V47LD;
				GENERATE_INFOPLIST_FILE = YES;
				INFOPLIST_FILE = HayattaKal/Resources/Info.plist;
				INFOPLIST_KEY_UIApplicationSupportsIndirectInputEvents = YES;
				INFOPLIST_KEY_UILaunchStoryboardName = LaunchScreen;
				INFOPLIST_KEY_UISupportedInterfaceOrientations = UIInterfaceOrientationPortrait;
				IPHONEOS_DEPLOYMENT_TARGET = 17.5;
				LD_RUNPATH_SEARCH_PATHS = (
					"$(inherited)",
					"@executable_path/Frameworks",
				);
				MARKETING_VERSION = 1.0;
				PRODUCT_BUNDLE_IDENTIFIER = com.yunusberdibekk.HayattaKal;
				PRODUCT_NAME = "$(TARGET_NAME)";
				SWIFT_EMIT_LOC_STRINGS = YES;
				SWIFT_VERSION = 5.0;
				TARGETED_DEVICE_FAMILY = "1,2";
			};
			name = Debug;
		};
		BE5B3CA12C67D76400764CCD /* Release */ = {
			isa = XCBuildConfiguration;
			buildSettings = {
				ASSETCATALOG_COMPILER_APPICON_NAME = AppIcon;
				ASSETCATALOG_COMPILER_GLOBAL_ACCENT_COLOR_NAME = AccentColor;
				CODE_SIGN_STYLE = Automatic;
				CURRENT_PROJECT_VERSION = 1;
				DEVELOPMENT_TEAM = 46PR5V47LD;
				GENERATE_INFOPLIST_FILE = YES;
				INFOPLIST_FILE = HayattaKal/Resources/Info.plist;
				INFOPLIST_KEY_UIApplicationSupportsIndirectInputEvents = YES;
				INFOPLIST_KEY_UILaunchStoryboardName = LaunchScreen;
				INFOPLIST_KEY_UISupportedInterfaceOrientations = UIInterfaceOrientationPortrait;
				IPHONEOS_DEPLOYMENT_TARGET = 17.5;
				LD_RUNPATH_SEARCH_PATHS = (
					"$(inherited)",
					"@executable_path/Frameworks",
				);
				MARKETING_VERSION = 1.0;
				PRODUCT_BUNDLE_IDENTIFIER = com.yunusberdibekk.HayattaKal;
				PRODUCT_NAME = "$(TARGET_NAME)";
				SWIFT_EMIT_LOC_STRINGS = YES;
				SWIFT_VERSION = 5.0;
				TARGETED_DEVICE_FAMILY = "1,2";
			};
			name = Release;
		};
/* End XCBuildConfiguration section */

/* Begin XCConfigurationList section */
		BE5B3C862C67D76300764CCD /* Build configuration list for PBXProject "HayattaKal" */ = {
			isa = XCConfigurationList;
			buildConfigurations = (
				BE5B3C9D2C67D76400764CCD /* Debug */,
				BE5B3C9E2C67D76400764CCD /* Release */,
			);
			defaultConfigurationIsVisible = 0;
			defaultConfigurationName = Release;
		};
		BE5B3C9F2C67D76400764CCD /* Build configuration list for PBXNativeTarget "HayattaKal" */ = {
			isa = XCConfigurationList;
			buildConfigurations = (
				BE5B3CA02C67D76400764CCD /* Debug */,
				BE5B3CA12C67D76400764CCD /* Release */,
			);
			defaultConfigurationIsVisible = 0;
			defaultConfigurationName = Release;
		};
/* End XCConfigurationList section */
	};
	rootObject = BE5B3C832C67D76300764CCD /* Project object */;
}
